// !$*UTF8*$!
{
	archiveVersion = 1;
	classes = {
	};
	objectVersion = 46;
	objects = {

/* Begin PBXBuildFile section */
		52422C901FA5EF0B0020F583 /* SideMenuVC.swift in Sources */ = {isa = PBXBuildFile; fileRef = 52422C8F1FA5EF0B0020F583 /* SideMenuVC.swift */; };
		52422C921FA5F00B0020F583 /* StartScreenVC.swift in Sources */ = {isa = PBXBuildFile; fileRef = 52422C911FA5F00B0020F583 /* StartScreenVC.swift */; };
		52422C971FA5FCB10020F583 /* Screenshot_1.png in Resources */ = {isa = PBXBuildFile; fileRef = 52422C931FA5FCB10020F583 /* Screenshot_1.png */; };
		52422C981FA5FCB10020F583 /* Screenshot_2.png in Resources */ = {isa = PBXBuildFile; fileRef = 52422C941FA5FCB10020F583 /* Screenshot_2.png */; };
		52422C991FA5FCB10020F583 /* Screenshot_4.png in Resources */ = {isa = PBXBuildFile; fileRef = 52422C951FA5FCB10020F583 /* Screenshot_4.png */; };
		52422C9A1FA5FCB10020F583 /* Screenshot_5.png in Resources */ = {isa = PBXBuildFile; fileRef = 52422C961FA5FCB10020F583 /* Screenshot_5.png */; };
		52422C9C1FA5FCC00020F583 /* Screenshot_3.png in Resources */ = {isa = PBXBuildFile; fileRef = 52422C9B1FA5FCC00020F583 /* Screenshot_3.png */; };
		52422C9E1FA5FF0B0020F583 /* menu.png in Resources */ = {isa = PBXBuildFile; fileRef = 52422C9D1FA5FF0B0020F583 /* menu.png */; };
		52422CA01FA5FF640020F583 /* MainVC.swift in Sources */ = {isa = PBXBuildFile; fileRef = 52422C9F1FA5FF630020F583 /* MainVC.swift */; };
		52B5BC031F9E6FC300CF033D /* AppDelegate.swift in Sources */ = {isa = PBXBuildFile; fileRef = 52B5BC021F9E6FC300CF033D /* AppDelegate.swift */; };
		52B5BC051F9E6FC300CF033D /* ContainerVC.swift in Sources */ = {isa = PBXBuildFile; fileRef = 52B5BC041F9E6FC300CF033D /* ContainerVC.swift */; };
		52B5BC081F9E6FC300CF033D /* Main.storyboard in Resources */ = {isa = PBXBuildFile; fileRef = 52B5BC061F9E6FC300CF033D /* Main.storyboard */; };
		52B5BC0A1F9E6FC300CF033D /* Assets.xcassets in Resources */ = {isa = PBXBuildFile; fileRef = 52B5BC091F9E6FC300CF033D /* Assets.xcassets */; };
		52B5BC0D1F9E6FC300CF033D /* LaunchScreen.storyboard in Resources */ = {isa = PBXBuildFile; fileRef = 52B5BC0B1F9E6FC300CF033D /* LaunchScreen.storyboard */; };
		52B5BC151F9E7D5600CF033D /* 22768399_1452971704788632_243767547_o.png in Resources */ = {isa = PBXBuildFile; fileRef = 52B5BC141F9E7D5600CF033D /* 22768399_1452971704788632_243767547_o.png */; };
		52C525301FA7C4E100F43004 /* RegistrationViewController.swift in Sources */ = {isa = PBXBuildFile; fileRef = 52C5252F1FA7C4E100F43004 /* RegistrationViewController.swift */; };
		52C9197F1FAE6FCE0062802F /* DesignableView.swift in Sources */ = {isa = PBXBuildFile; fileRef = 52C9197E1FAE6FCE0062802F /* DesignableView.swift */; };
		76E45E39A27D7986A1427BC2 /* Pods_vodic_kulturnih_dogadanja.framework in Frameworks */ = {isa = PBXBuildFile; fileRef = ACEBA9047EE8F6A6F2399E79 /* Pods_vodic_kulturnih_dogadanja.framework */; };
		D02D2AF71FBCDE68004F096D /* LoginViewController.swift in Sources */ = {isa = PBXBuildFile; fileRef = D02D2AF61FBCDE68004F096D /* LoginViewController.swift */; };
/* End PBXBuildFile section */

/* Begin PBXFileReference section */
		52422C8F1FA5EF0B0020F583 /* SideMenuVC.swift */ = {isa = PBXFileReference; fileEncoding = 4; lastKnownFileType = sourcecode.swift; path = SideMenuVC.swift; sourceTree = "<group>"; };
		52422C911FA5F00B0020F583 /* StartScreenVC.swift */ = {isa = PBXFileReference; fileEncoding = 4; lastKnownFileType = sourcecode.swift; path = StartScreenVC.swift; sourceTree = "<group>"; };
		52422C931FA5FCB10020F583 /* Screenshot_1.png */ = {isa = PBXFileReference; lastKnownFileType = image.png; path = Screenshot_1.png; sourceTree = "<group>"; };
		52422C941FA5FCB10020F583 /* Screenshot_2.png */ = {isa = PBXFileReference; lastKnownFileType = image.png; path = Screenshot_2.png; sourceTree = "<group>"; };
		52422C951FA5FCB10020F583 /* Screenshot_4.png */ = {isa = PBXFileReference; lastKnownFileType = image.png; path = Screenshot_4.png; sourceTree = "<group>"; };
		52422C961FA5FCB10020F583 /* Screenshot_5.png */ = {isa = PBXFileReference; lastKnownFileType = image.png; path = Screenshot_5.png; sourceTree = "<group>"; };
		52422C9B1FA5FCC00020F583 /* Screenshot_3.png */ = {isa = PBXFileReference; lastKnownFileType = image.png; path = Screenshot_3.png; sourceTree = "<group>"; };
		52422C9D1FA5FF0B0020F583 /* menu.png */ = {isa = PBXFileReference; lastKnownFileType = image.png; path = menu.png; sourceTree = "<group>"; };
		52422C9F1FA5FF630020F583 /* MainVC.swift */ = {isa = PBXFileReference; fileEncoding = 4; lastKnownFileType = sourcecode.swift; path = MainVC.swift; sourceTree = "<group>"; };
		52B5BBFF1F9E6FC300CF033D /* vodic kulturnih dogadanja.app */ = {isa = PBXFileReference; explicitFileType = wrapper.application; includeInIndex = 0; path = "vodic kulturnih dogadanja.app"; sourceTree = BUILT_PRODUCTS_DIR; };
		52B5BC021F9E6FC300CF033D /* AppDelegate.swift */ = {isa = PBXFileReference; lastKnownFileType = sourcecode.swift; path = AppDelegate.swift; sourceTree = "<group>"; };
		52B5BC041F9E6FC300CF033D /* ContainerVC.swift */ = {isa = PBXFileReference; lastKnownFileType = sourcecode.swift; path = ContainerVC.swift; sourceTree = "<group>"; };
		52B5BC071F9E6FC300CF033D /* Base */ = {isa = PBXFileReference; lastKnownFileType = file.storyboard; name = Base; path = Base.lproj/Main.storyboard; sourceTree = "<group>"; };
		52B5BC091F9E6FC300CF033D /* Assets.xcassets */ = {isa = PBXFileReference; lastKnownFileType = folder.assetcatalog; path = Assets.xcassets; sourceTree = "<group>"; };
		52B5BC0C1F9E6FC300CF033D /* Base */ = {isa = PBXFileReference; lastKnownFileType = file.storyboard; name = Base; path = Base.lproj/LaunchScreen.storyboard; sourceTree = "<group>"; };
		52B5BC0E1F9E6FC300CF033D /* Info.plist */ = {isa = PBXFileReference; lastKnownFileType = text.plist.xml; path = Info.plist; sourceTree = "<group>"; };
		52B5BC141F9E7D5600CF033D /* 22768399_1452971704788632_243767547_o.png */ = {isa = PBXFileReference; lastKnownFileType = image.png; path = 22768399_1452971704788632_243767547_o.png; sourceTree = "<group>"; };
		52C5252F1FA7C4E100F43004 /* RegistrationViewController.swift */ = {isa = PBXFileReference; fileEncoding = 4; lastKnownFileType = sourcecode.swift; path = RegistrationViewController.swift; sourceTree = "<group>"; };
		52C9197E1FAE6FCE0062802F /* DesignableView.swift */ = {isa = PBXFileReference; fileEncoding = 4; lastKnownFileType = sourcecode.swift; path = DesignableView.swift; sourceTree = "<group>"; };
		5CC863FF6270E289B9A17493 /* Pods-vodic kulturnih dogadanja.debug.xcconfig */ = {isa = PBXFileReference; includeInIndex = 1; lastKnownFileType = text.xcconfig; name = "Pods-vodic kulturnih dogadanja.debug.xcconfig"; path = "Pods/Target Support Files/Pods-vodic kulturnih dogadanja/Pods-vodic kulturnih dogadanja.debug.xcconfig"; sourceTree = "<group>"; };
		6261060265CDF6359B879B70 /* Pods-vodic kulturnih dogadanja.release.xcconfig */ = {isa = PBXFileReference; includeInIndex = 1; lastKnownFileType = text.xcconfig; name = "Pods-vodic kulturnih dogadanja.release.xcconfig"; path = "Pods/Target Support Files/Pods-vodic kulturnih dogadanja/Pods-vodic kulturnih dogadanja.release.xcconfig"; sourceTree = "<group>"; };
		ACEBA9047EE8F6A6F2399E79 /* Pods_vodic_kulturnih_dogadanja.framework */ = {isa = PBXFileReference; explicitFileType = wrapper.framework; includeInIndex = 0; path = Pods_vodic_kulturnih_dogadanja.framework; sourceTree = BUILT_PRODUCTS_DIR; };
		D02D2AF61FBCDE68004F096D /* LoginViewController.swift */ = {isa = PBXFileReference; lastKnownFileType = sourcecode.swift; path = LoginViewController.swift; sourceTree = "<group>"; };
/* End PBXFileReference section */

/* Begin PBXFrameworksBuildPhase section */
		52B5BBFC1F9E6FC300CF033D /* Frameworks */ = {
			isa = PBXFrameworksBuildPhase;
			buildActionMask = 2147483647;
			files = (
				76E45E39A27D7986A1427BC2 /* Pods_vodic_kulturnih_dogadanja.framework in Frameworks */,
			);
			runOnlyForDeploymentPostprocessing = 0;
		};
/* End PBXFrameworksBuildPhase section */

/* Begin PBXGroup section */
		2958ABE86168E3D9D8975D0A /* Frameworks */ = {
			isa = PBXGroup;
			children = (
				ACEBA9047EE8F6A6F2399E79 /* Pods_vodic_kulturnih_dogadanja.framework */,
			);
			name = Frameworks;
			sourceTree = "<group>";
		};
		52B5BBF61F9E6FC200CF033D = {
			isa = PBXGroup;
			children = (
				D02D2AF61FBCDE68004F096D /* LoginViewController.swift */,
				52B5BC011F9E6FC300CF033D /* vodic kulturnih dogadanja */,
				52B5BC001F9E6FC300CF033D /* Products */,
				836C60723B23C94E9F2C4D93 /* Pods */,
				2958ABE86168E3D9D8975D0A /* Frameworks */,
			);
			sourceTree = "<group>";
		};
		52B5BC001F9E6FC300CF033D /* Products */ = {
			isa = PBXGroup;
			children = (
				52B5BBFF1F9E6FC300CF033D /* vodic kulturnih dogadanja.app */,
			);
			name = Products;
			sourceTree = "<group>";
		};
		52B5BC011F9E6FC300CF033D /* vodic kulturnih dogadanja */ = {
			isa = PBXGroup;
			children = (
				52C9197D1FAE6F710062802F /* IBDesignables */,
				52B5BC021F9E6FC300CF033D /* AppDelegate.swift */,
				52422C911FA5F00B0020F583 /* StartScreenVC.swift */,
				52B5BC041F9E6FC300CF033D /* ContainerVC.swift */,
				52422C8F1FA5EF0B0020F583 /* SideMenuVC.swift */,
				52422C9F1FA5FF630020F583 /* MainVC.swift */,
				52B5BC061F9E6FC300CF033D /* Main.storyboard */,
				52B5BC091F9E6FC300CF033D /* Assets.xcassets */,
				52B5BC0B1F9E6FC300CF033D /* LaunchScreen.storyboard */,
				52B5BC0E1F9E6FC300CF033D /* Info.plist */,
				52B5BC161F9E7D6600CF033D /* slike */,
				52C5252F1FA7C4E100F43004 /* RegistrationViewController.swift */,
			);
			path = "vodic kulturnih dogadanja";
			sourceTree = "<group>";
		};
		52B5BC161F9E7D6600CF033D /* slike */ = {
			isa = PBXGroup;
			children = (
				52422C9D1FA5FF0B0020F583 /* menu.png */,
				52422C9B1FA5FCC00020F583 /* Screenshot_3.png */,
				52422C931FA5FCB10020F583 /* Screenshot_1.png */,
				52422C941FA5FCB10020F583 /* Screenshot_2.png */,
				52422C951FA5FCB10020F583 /* Screenshot_4.png */,
				52422C961FA5FCB10020F583 /* Screenshot_5.png */,
				52B5BC141F9E7D5600CF033D /* 22768399_1452971704788632_243767547_o.png */,
			);
			name = slike;
			sourceTree = "<group>";
		};
		52C9197D1FAE6F710062802F /* IBDesignables */ = {
			isa = PBXGroup;
			children = (
				52C9197E1FAE6FCE0062802F /* DesignableView.swift */,
			);
			name = IBDesignables;
			sourceTree = "<group>";
		};
		836C60723B23C94E9F2C4D93 /* Pods */ = {
			isa = PBXGroup;
			children = (
				5CC863FF6270E289B9A17493 /* Pods-vodic kulturnih dogadanja.debug.xcconfig */,
				6261060265CDF6359B879B70 /* Pods-vodic kulturnih dogadanja.release.xcconfig */,
			);
			name = Pods;
			sourceTree = "<group>";
		};
/* End PBXGroup section */

/* Begin PBXNativeTarget section */
		52B5BBFE1F9E6FC300CF033D /* vodic kulturnih dogadanja */ = {
			isa = PBXNativeTarget;
			buildConfigurationList = 52B5BC111F9E6FC300CF033D /* Build configuration list for PBXNativeTarget "vodic kulturnih dogadanja" */;
			buildPhases = (
				95C910027056637E8DBB2382 /* [CP] Check Pods Manifest.lock */,
				52B5BBFB1F9E6FC300CF033D /* Sources */,
				52B5BBFC1F9E6FC300CF033D /* Frameworks */,
				52B5BBFD1F9E6FC300CF033D /* Resources */,
				4344E666D9D3EE1959515026 /* [CP] Embed Pods Frameworks */,
				E425C166B5F28B74099039E8 /* [CP] Copy Pods Resources */,
			);
			buildRules = (
			);
			dependencies = (
			);
			name = "vodic kulturnih dogadanja";
			productName = "vodic kulturnih dogadanja";
			productReference = 52B5BBFF1F9E6FC300CF033D /* vodic kulturnih dogadanja.app */;
			productType = "com.apple.product-type.application";
		};
/* End PBXNativeTarget section */

/* Begin PBXProject section */
		52B5BBF71F9E6FC200CF033D /* Project object */ = {
			isa = PBXProject;
			attributes = {
				LastSwiftUpdateCheck = 0810;
				LastUpgradeCheck = 0910;
				ORGANIZATIONNAME = foi;
				TargetAttributes = {
					52B5BBFE1F9E6FC300CF033D = {
						CreatedOnToolsVersion = 8.1;
						LastSwiftMigration = 0910;
						ProvisioningStyle = Automatic;
					};
				};
			};
			buildConfigurationList = 52B5BBFA1F9E6FC200CF033D /* Build configuration list for PBXProject "vodic kulturnih dogadanja" */;
			compatibilityVersion = "Xcode 3.2";
			developmentRegion = English;
			hasScannedForEncodings = 0;
			knownRegions = (
				en,
				Base,
			);
			mainGroup = 52B5BBF61F9E6FC200CF033D;
			productRefGroup = 52B5BC001F9E6FC300CF033D /* Products */;
			projectDirPath = "";
			projectRoot = "";
			targets = (
				52B5BBFE1F9E6FC300CF033D /* vodic kulturnih dogadanja */,
			);
		};
/* End PBXProject section */

/* Begin PBXResourcesBuildPhase section */
		52B5BBFD1F9E6FC300CF033D /* Resources */ = {
			isa = PBXResourcesBuildPhase;
			buildActionMask = 2147483647;
			files = (
				52B5BC0D1F9E6FC300CF033D /* LaunchScreen.storyboard in Resources */,
				52B5BC151F9E7D5600CF033D /* 22768399_1452971704788632_243767547_o.png in Resources */,
				52422C981FA5FCB10020F583 /* Screenshot_2.png in Resources */,
				52422C991FA5FCB10020F583 /* Screenshot_4.png in Resources */,
				52B5BC0A1F9E6FC300CF033D /* Assets.xcassets in Resources */,
				52422C9C1FA5FCC00020F583 /* Screenshot_3.png in Resources */,
				52422C9E1FA5FF0B0020F583 /* menu.png in Resources */,
				52422C9A1FA5FCB10020F583 /* Screenshot_5.png in Resources */,
				52422C971FA5FCB10020F583 /* Screenshot_1.png in Resources */,
				52B5BC081F9E6FC300CF033D /* Main.storyboard in Resources */,
			);
			runOnlyForDeploymentPostprocessing = 0;
		};
/* End PBXResourcesBuildPhase section */

/* Begin PBXShellScriptBuildPhase section */
		4344E666D9D3EE1959515026 /* [CP] Embed Pods Frameworks */ = {
			isa = PBXShellScriptBuildPhase;
			buildActionMask = 2147483647;
			files = (
			);
			inputPaths = (
				"${SRCROOT}/Pods/Target Support Files/Pods-vodic kulturnih dogadanja/Pods-vodic kulturnih dogadanja-frameworks.sh",
				"${BUILT_PRODUCTS_DIR}/Alamofire/Alamofire.framework",
			);
			name = "[CP] Embed Pods Frameworks";
			outputPaths = (
				"${TARGET_BUILD_DIR}/${FRAMEWORKS_FOLDER_PATH}/Alamofire.framework",
			);
			runOnlyForDeploymentPostprocessing = 0;
			shellPath = /bin/sh;
			shellScript = "\"${SRCROOT}/Pods/Target Support Files/Pods-vodic kulturnih dogadanja/Pods-vodic kulturnih dogadanja-frameworks.sh\"\n";
			showEnvVarsInLog = 0;
		};
		95C910027056637E8DBB2382 /* [CP] Check Pods Manifest.lock */ = {
			isa = PBXShellScriptBuildPhase;
			buildActionMask = 2147483647;
			files = (
			);
			inputPaths = (
				"${PODS_PODFILE_DIR_PATH}/Podfile.lock",
				"${PODS_ROOT}/Manifest.lock",
			);
			name = "[CP] Check Pods Manifest.lock";
			outputPaths = (
				"$(DERIVED_FILE_DIR)/Pods-vodic kulturnih dogadanja-checkManifestLockResult.txt",
			);
			runOnlyForDeploymentPostprocessing = 0;
			shellPath = /bin/sh;
			shellScript = "diff \"${PODS_PODFILE_DIR_PATH}/Podfile.lock\" \"${PODS_ROOT}/Manifest.lock\" > /dev/null\nif [ $? != 0 ] ; then\n    # print error to STDERR\n    echo \"error: The sandbox is not in sync with the Podfile.lock. Run 'pod install' or update your CocoaPods installation.\" >&2\n    exit 1\nfi\n# This output is used by Xcode 'outputs' to avoid re-running this script phase.\necho \"SUCCESS\" > \"${SCRIPT_OUTPUT_FILE_0}\"\n";
			showEnvVarsInLog = 0;
		};
		E425C166B5F28B74099039E8 /* [CP] Copy Pods Resources */ = {
			isa = PBXShellScriptBuildPhase;
			buildActionMask = 2147483647;
			files = (
			);
			inputPaths = (
			);
			name = "[CP] Copy Pods Resources";
			outputPaths = (
			);
			runOnlyForDeploymentPostprocessing = 0;
			shellPath = /bin/sh;
			shellScript = "\"${SRCROOT}/Pods/Target Support Files/Pods-vodic kulturnih dogadanja/Pods-vodic kulturnih dogadanja-resources.sh\"\n";
			showEnvVarsInLog = 0;
		};
/* End PBXShellScriptBuildPhase section */

/* Begin PBXSourcesBuildPhase section */
		52B5BBFB1F9E6FC300CF033D /* Sources */ = {
			isa = PBXSourcesBuildPhase;
			buildActionMask = 2147483647;
			files = (
				52C525301FA7C4E100F43004 /* RegistrationViewController.swift in Sources */,
				52B5BC051F9E6FC300CF033D /* ContainerVC.swift in Sources */,
				52422CA01FA5FF640020F583 /* MainVC.swift in Sources */,
				52B5BC031F9E6FC300CF033D /* AppDelegate.swift in Sources */,
				D02D2AF71FBCDE68004F096D /* LoginViewController.swift in Sources */,
				52C9197F1FAE6FCE0062802F /* DesignableView.swift in Sources */,
				52422C921FA5F00B0020F583 /* StartScreenVC.swift in Sources */,
				52422C901FA5EF0B0020F583 /* SideMenuVC.swift in Sources */,
			);
			runOnlyForDeploymentPostprocessing = 0;
		};
/* End PBXSourcesBuildPhase section */

/* Begin PBXVariantGroup section */
		52B5BC061F9E6FC300CF033D /* Main.storyboard */ = {
			isa = PBXVariantGroup;
			children = (
				52B5BC071F9E6FC300CF033D /* Base */,
			);
			name = Main.storyboard;
			sourceTree = "<group>";
		};
		52B5BC0B1F9E6FC300CF033D /* LaunchScreen.storyboard */ = {
			isa = PBXVariantGroup;
			children = (
				52B5BC0C1F9E6FC300CF033D /* Base */,
			);
			name = LaunchScreen.storyboard;
			sourceTree = "<group>";
		};
/* End PBXVariantGroup section */

/* Begin XCBuildConfiguration section */
		52B5BC0F1F9E6FC300CF033D /* Debug */ = {
			isa = XCBuildConfiguration;
			buildSettings = {
				ALWAYS_SEARCH_USER_PATHS = NO;
				CLANG_ANALYZER_NONNULL = YES;
				CLANG_CXX_LANGUAGE_STANDARD = "gnu++0x";
				CLANG_CXX_LIBRARY = "libc++";
				CLANG_ENABLE_MODULES = YES;
				CLANG_ENABLE_OBJC_ARC = YES;
				CLANG_WARN_BLOCK_CAPTURE_AUTORELEASING = YES;
				CLANG_WARN_BOOL_CONVERSION = YES;
				CLANG_WARN_COMMA = YES;
				CLANG_WARN_CONSTANT_CONVERSION = YES;
				CLANG_WARN_DIRECT_OBJC_ISA_USAGE = YES_ERROR;
				CLANG_WARN_DOCUMENTATION_COMMENTS = YES;
				CLANG_WARN_EMPTY_BODY = YES;
				CLANG_WARN_ENUM_CONVERSION = YES;
				CLANG_WARN_INFINITE_RECURSION = YES;
				CLANG_WARN_INT_CONVERSION = YES;
				CLANG_WARN_NON_LITERAL_NULL_CONVERSION = YES;
				CLANG_WARN_OBJC_LITERAL_CONVERSION = YES;
				CLANG_WARN_OBJC_ROOT_CLASS = YES_ERROR;
				CLANG_WARN_RANGE_LOOP_ANALYSIS = YES;
				CLANG_WARN_STRICT_PROTOTYPES = YES;
				CLANG_WARN_SUSPICIOUS_MOVE = YES;
				CLANG_WARN_SUSPICIOUS_MOVES = YES;
				CLANG_WARN_UNREACHABLE_CODE = YES;
				CLANG_WARN__DUPLICATE_METHOD_MATCH = YES;
				"CODE_SIGN_IDENTITY[sdk=iphoneos*]" = "iPhone Developer";
				COPY_PHASE_STRIP = NO;
				DEBUG_INFORMATION_FORMAT = dwarf;
				ENABLE_STRICT_OBJC_MSGSEND = YES;
				ENABLE_TESTABILITY = YES;
				GCC_C_LANGUAGE_STANDARD = gnu99;
				GCC_DYNAMIC_NO_PIC = NO;
				GCC_NO_COMMON_BLOCKS = YES;
				GCC_OPTIMIZATION_LEVEL = 0;
				GCC_PREPROCESSOR_DEFINITIONS = (
					"DEBUG=1",
					"$(inherited)",
				);
				GCC_WARN_64_TO_32_BIT_CONVERSION = YES;
				GCC_WARN_ABOUT_RETURN_TYPE = YES_ERROR;
				GCC_WARN_UNDECLARED_SELECTOR = YES;
				GCC_WARN_UNINITIALIZED_AUTOS = YES_AGGRESSIVE;
				GCC_WARN_UNUSED_FUNCTION = YES;
				GCC_WARN_UNUSED_VARIABLE = YES;
				IPHONEOS_DEPLOYMENT_TARGET = 10.1;
				MTL_ENABLE_DEBUG_INFO = YES;
				ONLY_ACTIVE_ARCH = YES;
				SDKROOT = iphoneos;
				SWIFT_ACTIVE_COMPILATION_CONDITIONS = DEBUG;
				SWIFT_OPTIMIZATION_LEVEL = "-Onone";
				TARGETED_DEVICE_FAMILY = "1,2";
			};
			name = Debug;
		};
		52B5BC101F9E6FC300CF033D /* Release */ = {
			isa = XCBuildConfiguration;
			buildSettings = {
				ALWAYS_SEARCH_USER_PATHS = NO;
				CLANG_ANALYZER_NONNULL = YES;
				CLANG_CXX_LANGUAGE_STANDARD = "gnu++0x";
				CLANG_CXX_LIBRARY = "libc++";
				CLANG_ENABLE_MODULES = YES;
				CLANG_ENABLE_OBJC_ARC = YES;
				CLANG_WARN_BLOCK_CAPTURE_AUTORELEASING = YES;
				CLANG_WARN_BOOL_CONVERSION = YES;
				CLANG_WARN_COMMA = YES;
				CLANG_WARN_CONSTANT_CONVERSION = YES;
				CLANG_WARN_DIRECT_OBJC_ISA_USAGE = YES_ERROR;
				CLANG_WARN_DOCUMENTATION_COMMENTS = YES;
				CLANG_WARN_EMPTY_BODY = YES;
				CLANG_WARN_ENUM_CONVERSION = YES;
				CLANG_WARN_INFINITE_RECURSION = YES;
				CLANG_WARN_INT_CONVERSION = YES;
				CLANG_WARN_NON_LITERAL_NULL_CONVERSION = YES;
				CLANG_WARN_OBJC_LITERAL_CONVERSION = YES;
				CLANG_WARN_OBJC_ROOT_CLASS = YES_ERROR;
				CLANG_WARN_RANGE_LOOP_ANALYSIS = YES;
				CLANG_WARN_STRICT_PROTOTYPES = YES;
				CLANG_WARN_SUSPICIOUS_MOVE = YES;
				CLANG_WARN_SUSPICIOUS_MOVES = YES;
				CLANG_WARN_UNREACHABLE_CODE = YES;
				CLANG_WARN__DUPLICATE_METHOD_MATCH = YES;
				"CODE_SIGN_IDENTITY[sdk=iphoneos*]" = "iPhone Developer";
				COPY_PHASE_STRIP = NO;
				DEBUG_INFORMATION_FORMAT = "dwarf-with-dsym";
				ENABLE_NS_ASSERTIONS = NO;
				ENABLE_STRICT_OBJC_MSGSEND = YES;
				GCC_C_LANGUAGE_STANDARD = gnu99;
				GCC_NO_COMMON_BLOCKS = YES;
				GCC_WARN_64_TO_32_BIT_CONVERSION = YES;
				GCC_WARN_ABOUT_RETURN_TYPE = YES_ERROR;
				GCC_WARN_UNDECLARED_SELECTOR = YES;
				GCC_WARN_UNINITIALIZED_AUTOS = YES_AGGRESSIVE;
				GCC_WARN_UNUSED_FUNCTION = YES;
				GCC_WARN_UNUSED_VARIABLE = YES;
				IPHONEOS_DEPLOYMENT_TARGET = 10.1;
				MTL_ENABLE_DEBUG_INFO = NO;
				SDKROOT = iphoneos;
				SWIFT_OPTIMIZATION_LEVEL = "-Owholemodule";
				TARGETED_DEVICE_FAMILY = "1,2";
				VALIDATE_PRODUCT = YES;
			};
			name = Release;
		};
		52B5BC121F9E6FC300CF033D /* Debug */ = {
			isa = XCBuildConfiguration;
			baseConfigurationReference = 5CC863FF6270E289B9A17493 /* Pods-vodic kulturnih dogadanja.debug.xcconfig */;
			buildSettings = {
				ASSETCATALOG_COMPILER_APPICON_NAME = AppIcon;
				DEVELOPMENT_TEAM = "";
				INFOPLIST_FILE = "vodic kulturnih dogadanja/Info.plist";
				LD_RUNPATH_SEARCH_PATHS = "$(inherited) @executable_path/Frameworks";
				PRODUCT_BUNDLE_IDENTIFIER = "com.foi.vodic-kulturnih-dogadanja";
				PRODUCT_NAME = "$(TARGET_NAME)";
				SWIFT_SWIFT3_OBJC_INFERENCE = On;
				SWIFT_VERSION = 4.0;
			};
			name = Debug;
		};
		52B5BC131F9E6FC300CF033D /* Release */ = {
			isa = XCBuildConfiguration;
			baseConfigurationReference = 6261060265CDF6359B879B70 /* Pods-vodic kulturnih dogadanja.release.xcconfig */;
			buildSettings = {
				ASSETCATALOG_COMPILER_APPICON_NAME = AppIcon;
				DEVELOPMENT_TEAM = "";
				INFOPLIST_FILE = "vodic kulturnih dogadanja/Info.plist";
				LD_RUNPATH_SEARCH_PATHS = "$(inherited) @executable_path/Frameworks";
				PRODUCT_BUNDLE_IDENTIFIER = "com.foi.vodic-kulturnih-dogadanja";
				PRODUCT_NAME = "$(TARGET_NAME)";
				SWIFT_SWIFT3_OBJC_INFERENCE = On;
				SWIFT_VERSION = 4.0;
			};
			name = Release;
		};
/* End XCBuildConfiguration section */

/* Begin XCConfigurationList section */
		52B5BBFA1F9E6FC200CF033D /* Build configuration list for PBXProject "vodic kulturnih dogadanja" */ = {
			isa = XCConfigurationList;
			buildConfigurations = (
				52B5BC0F1F9E6FC300CF033D /* Debug */,
				52B5BC101F9E6FC300CF033D /* Release */,
			);
			defaultConfigurationIsVisible = 0;
			defaultConfigurationName = Release;
		};
		52B5BC111F9E6FC300CF033D /* Build configuration list for PBXNativeTarget "vodic kulturnih dogadanja" */ = {
			isa = XCConfigurationList;
			buildConfigurations = (
				52B5BC121F9E6FC300CF033D /* Debug */,
				52B5BC131F9E6FC300CF033D /* Release */,
			);
			defaultConfigurationIsVisible = 0;
			defaultConfigurationName = Release;
		};
/* End XCConfigurationList section */
	};
	rootObject = 52B5BBF71F9E6FC200CF033D /* Project object */;
}
